
Microsoft Visual Studio Solution File, Format Version 12.00
# Visual Studio Version 17
VisualStudioVersion = 17.5.33627.172
MinimumVisualStudioVersion = 10.0.40219.1
Project("{FAE04EC0-301F-11D3-BF4B-00C04F79EFBC}") = "Servicify", "Servicify\Servicify.csproj", "{9FE6096A-55EE-4EB2-B2C1-A5841B1B4598}"
EndProject
Global
	GlobalSection(SolutionConfigurationPlatforms) = preSolution
		Debug|Any CPU = Debug|Any CPU
		Release|Any CPU = Release|Any CPU
	EndGlobalSection
	GlobalSection(ProjectConfigurationPlatforms) = postSolution
		{9FE6096A-55EE-4EB2-B2C1-A5841B1B4598}.Debug|Any CPU.ActiveCfg = Debug|Any CPU
		{9FE6096A-55EE-4EB2-B2C1-A5841B1B4598}.Debug|Any CPU.Build.0 = Debug|Any CPU
		{9FE6096A-55EE-4EB2-B2C1-A5841B1B4598}.Release|Any CPU.ActiveCfg = Release|Any CPU
		{9FE6096A-55EE-4EB2-B2C1-A5841B1B4598}.Release|Any CPU.Build.0 = Release|Any CPU
	EndGlobalSection
	GlobalSection(SolutionProperties) = preSolution
		HideSolutionNode = FALSE
	EndGlobalSection
	GlobalSection(ExtensibilityGlobals) = postSolution
		SolutionGuid = {2E154166-3ECC-4C5C-9CE1-7F7AF535B4EF}
	EndGlobalSection
EndGlobal
